
Microsoft Visual Studio Solution File, Format Version 12.00
# Visual Studio Version 17
VisualStudioVersion = 17.5.33424.131
MinimumVisualStudioVersion = 10.0.40219.1
Project("{FAE04EC0-301F-11D3-BF4B-00C04F79EFBC}") = "ENTIDADES", "ENTIDADES\ENTIDADES.csproj", "{5E717E18-CEAE-4122-B601-74E73A2AB6EE}"
EndProject
Project("{FAE04EC0-301F-11D3-BF4B-00C04F79EFBC}") = "FORMS", "FORMS\FORMS.csproj", "{E58A7FC6-BE3C-4D38-9AF7-04C4260470F9}"
EndProject
Project("{FAE04EC0-301F-11D3-BF4B-00C04F79EFBC}") = "BD", "BD\BD.csproj", "{6F28B4F3-A30B-4D85-A60A-8631076E8613}"
EndProject
Global
	GlobalSection(SolutionConfigurationPlatforms) = preSolution
		Debug|Any CPU = Debug|Any CPU
		Release|Any CPU = Release|Any CPU
	EndGlobalSection
	GlobalSection(ProjectConfigurationPlatforms) = postSolution
		{5E717E18-CEAE-4122-B601-74E73A2AB6EE}.Debug|Any CPU.ActiveCfg = Debug|Any CPU
		{5E717E18-CEAE-4122-B601-74E73A2AB6EE}.Debug|Any CPU.Build.0 = Debug|Any CPU
		{5E717E18-CEAE-4122-B601-74E73A2AB6EE}.Release|Any CPU.ActiveCfg = Release|Any CPU
		{5E717E18-CEAE-4122-B601-74E73A2AB6EE}.Release|Any CPU.Build.0 = Release|Any CPU
		{E58A7FC6-BE3C-4D38-9AF7-04C4260470F9}.Debug|Any CPU.ActiveCfg = Debug|Any CPU
		{E58A7FC6-BE3C-4D38-9AF7-04C4260470F9}.Debug|Any CPU.Build.0 = Debug|Any CPU
		{E58A7FC6-BE3C-4D38-9AF7-04C4260470F9}.Release|Any CPU.ActiveCfg = Release|Any CPU
		{E58A7FC6-BE3C-4D38-9AF7-04C4260470F9}.Release|Any CPU.Build.0 = Release|Any CPU
		{6F28B4F3-A30B-4D85-A60A-8631076E8613}.Debug|Any CPU.ActiveCfg = Debug|Any CPU
		{6F28B4F3-A30B-4D85-A60A-8631076E8613}.Debug|Any CPU.Build.0 = Debug|Any CPU
		{6F28B4F3-A30B-4D85-A60A-8631076E8613}.Release|Any CPU.ActiveCfg = Release|Any CPU
		{6F28B4F3-A30B-4D85-A60A-8631076E8613}.Release|Any CPU.Build.0 = Release|Any CPU
	EndGlobalSection
	GlobalSection(SolutionProperties) = preSolution
		HideSolutionNode = FALSE
	EndGlobalSection
	GlobalSection(ExtensibilityGlobals) = postSolution
		SolutionGuid = {F49CF26F-EF63-4869-B2F9-966DA4A244C5}
	EndGlobalSection
EndGlobal
